
Microsoft Visual Studio Solution File, Format Version 12.00
# Visual Studio Version 17
VisualStudioVersion = 17.9.34714.143
MinimumVisualStudioVersion = 10.0.40219.1
Project("{FAE04EC0-301F-11D3-BF4B-00C04F79EFBC}") = "Fuzzy", "Fuzzy\Fuzzy.csproj", "{2F82139A-198F-4E86-A052-97CAB44B1239}"
EndProject
Global
	GlobalSection(SolutionConfigurationPlatforms) = preSolution
		Debug|Any CPU = Debug|Any CPU
		Release|Any CPU = Release|Any CPU
	EndGlobalSection
	GlobalSection(ProjectConfigurationPlatforms) = postSolution
		{2F82139A-198F-4E86-A052-97CAB44B1239}.Debug|Any CPU.ActiveCfg = Debug|Any CPU
		{2F82139A-198F-4E86-A052-97CAB44B1239}.Debug|Any CPU.Build.0 = Debug|Any CPU
		{2F82139A-198F-4E86-A052-97CAB44B1239}.Release|Any CPU.ActiveCfg = Release|Any CPU
		{2F82139A-198F-4E86-A052-97CAB44B1239}.Release|Any CPU.Build.0 = Release|Any CPU
	EndGlobalSection
	GlobalSection(SolutionProperties) = preSolution
		HideSolutionNode = FALSE
	EndGlobalSection
	GlobalSection(ExtensibilityGlobals) = postSolution
		SolutionGuid = {61813DC9-2648-410F-90A9-C5DCCB5C88D6}
	EndGlobalSection
EndGlobal
